
Microsoft Visual Studio Solution File, Format Version 12.00
# Visual Studio 15
VisualStudioVersion = 15.0.28307.1062
MinimumVisualStudioVersion = 10.0.40219.1
Project("{FAE04EC0-301F-11D3-BF4B-00C04F79EFBC}") = "PolymorphCollection_2668", "PolymorphCollection_2668.csproj", "{FDC4A66E-9ED1-4C6C-9797-A36901F0C9B0}"
EndProject
Global
	GlobalSection(SolutionConfigurationPlatforms) = preSolution
		Debug|Any CPU = Debug|Any CPU
		Release|Any CPU = Release|Any CPU
	EndGlobalSection
	GlobalSection(ProjectConfigurationPlatforms) = postSolution
		{FDC4A66E-9ED1-4C6C-9797-A36901F0C9B0}.Debug|Any CPU.ActiveCfg = Debug|Any CPU
		{FDC4A66E-9ED1-4C6C-9797-A36901F0C9B0}.Debug|Any CPU.Build.0 = Debug|Any CPU
		{FDC4A66E-9ED1-4C6C-9797-A36901F0C9B0}.Release|Any CPU.ActiveCfg = Release|Any CPU
		{FDC4A66E-9ED1-4C6C-9797-A36901F0C9B0}.Release|Any CPU.Build.0 = Release|Any CPU
	EndGlobalSection
	GlobalSection(SolutionProperties) = preSolution
		HideSolutionNode = FALSE
	EndGlobalSection
	GlobalSection(ExtensibilityGlobals) = postSolution
		SolutionGuid = {24D4531C-391C-499C-906E-3B1449DC6449}
	EndGlobalSection
EndGlobal
